
Microsoft Visual Studio Solution File, Format Version 12.00
# Visual Studio 15
VisualStudioVersion = 15.0.28307.572
MinimumVisualStudioVersion = 10.0.40219.1
Project("{FAE04EC0-301F-11D3-BF4B-00C04F79EFBC}") = "rectassignment", "rectassignment\rectassignment.csproj", "{1CD70945-DAA8-48C1-9692-46838139605B}"
EndProject
Global
	GlobalSection(SolutionConfigurationPlatforms) = preSolution
		Debug|Any CPU = Debug|Any CPU
		Release|Any CPU = Release|Any CPU
	EndGlobalSection
	GlobalSection(ProjectConfigurationPlatforms) = postSolution
		{1CD70945-DAA8-48C1-9692-46838139605B}.Debug|Any CPU.ActiveCfg = Debug|Any CPU
		{1CD70945-DAA8-48C1-9692-46838139605B}.Debug|Any CPU.Build.0 = Debug|Any CPU
		{1CD70945-DAA8-48C1-9692-46838139605B}.Release|Any CPU.ActiveCfg = Release|Any CPU
		{1CD70945-DAA8-48C1-9692-46838139605B}.Release|Any CPU.Build.0 = Release|Any CPU
	EndGlobalSection
	GlobalSection(SolutionProperties) = preSolution
		HideSolutionNode = FALSE
	EndGlobalSection
	GlobalSection(ExtensibilityGlobals) = postSolution
		SolutionGuid = {36674382-2DEC-45DD-9921-ECAC7D0D798B}
	EndGlobalSection
EndGlobal
